
Microsoft Visual Studio Solution File, Format Version 12.00
# Visual Studio Version 16
VisualStudioVersion = 16.0.30711.63
MinimumVisualStudioVersion = 10.0.40219.1
Project("{FAE04EC0-301F-11D3-BF4B-00C04F79EFBC}") = "NestedMultiplication", "NestedMultiplication\NestedMultiplication.csproj", "{64CE00A7-1686-4CF8-8562-029F78C84251}"
EndProject
Global
	GlobalSection(SolutionConfigurationPlatforms) = preSolution
		Debug|Any CPU = Debug|Any CPU
		Release|Any CPU = Release|Any CPU
	EndGlobalSection
	GlobalSection(ProjectConfigurationPlatforms) = postSolution
		{64CE00A7-1686-4CF8-8562-029F78C84251}.Debug|Any CPU.ActiveCfg = Debug|Any CPU
		{64CE00A7-1686-4CF8-8562-029F78C84251}.Debug|Any CPU.Build.0 = Debug|Any CPU
		{64CE00A7-1686-4CF8-8562-029F78C84251}.Release|Any CPU.ActiveCfg = Release|Any CPU
		{64CE00A7-1686-4CF8-8562-029F78C84251}.Release|Any CPU.Build.0 = Release|Any CPU
	EndGlobalSection
	GlobalSection(SolutionProperties) = preSolution
		HideSolutionNode = FALSE
	EndGlobalSection
	GlobalSection(ExtensibilityGlobals) = postSolution
		SolutionGuid = {D9758161-9EB5-4DB3-8717-18D4ECFC9F56}
	EndGlobalSection
EndGlobal
